{
  "name": "godamanga-aidoku",
  "version": "0.1.0",
  "lockfileVersion": 2,
  "requires": true,
  "packages": {
    "": {
      "name": "godamanga-aidoku",
      "version": "0.1.0",
      "dependencies": {
        "aidoku-as": "github:suiyuran/aidoku-as"
      },
      "devDependencies": {
        "assemblyscript": "^0.27.2"
      }
    },
    "node_modules/aidoku-as": {
      "version": "1.0.0",
      "resolved": "git+ssh://git@github.com/suiyuran/aidoku-as.git#91468a34cb97512c4adbb70648173d9965af0eb3",
      "license": "GPLv3"
    },
    "node_modules/assemblyscript": {
      "version": "0.27.5",
      "resolved": "https://registry.npmjs.org/assemblyscript/-/assemblyscript-0.27.5.tgz",
      "integrity": "sha512-8CPn+SPMrvvDEa6CQylYOd+Vu5ubyrVhWw1Iy9EXyTan7+8jB5R5trspf3jsMUrh3urVRA0YR9c3U84biny1QA==",
      "dev": true,
      "dependencies": {
        "binaryen": "112.0.0-nightly.20230411",
        "long": "^5.2.1"
      },
      "bin": {
        "asc": "bin/asc.js",
        "asinit": "bin/asinit.js"
      },
      "engines": {
        "node": ">=16",
        "npm": ">=7"
      },
      "funding": {
        "type": "opencollective",
        "url": "https://opencollective.com/assemblyscript"
      }
    },
    "node_modules/binaryen": {
      "version": "112.0.0-nightly.20230411",
      "resolved": "https://registry.npmjs.org/binaryen/-/binaryen-112.0.0-nightly.20230411.tgz",
      "integrity": "sha512-4V9r9x9fjAVFZdR2yvBFc3BEJJIBYvd2X8X8k0zAuJsao2gl9wNHDmpQ30QsLo6hgkRfRImkCbCjhXW3RDOYXQ==",
      "dev": true,
      "bin": {
        "wasm-opt": "bin/wasm-opt",
        "wasm2js": "bin/wasm2js"
      }
    },
    "node_modules/long": {
      "version": "5.2.3",
      "resolved": "https://registry.npmjs.org/long/-/long-5.2.3.tgz",
      "integrity": "sha512-lcHwpNoggQTObv5apGNCTdJrO69eHOZMi4BNC+rTLER8iHAqGrUVeLh/irVIM7zTw2bOXA8T6uNPeujwOLg/2Q==",
      "dev": true
    }
  },
  "dependencies": {
    "aidoku-as": {
      "version": "git+ssh://git@github.com/suiyuran/aidoku-as.git#91468a34cb97512c4adbb70648173d9965af0eb3",
      "from": "aidoku-as@github:suiyuran/aidoku-as"
    },
    "assemblyscript": {
      "version": "0.27.5",
      "resolved": "https://registry.npmjs.org/assemblyscript/-/assemblyscript-0.27.5.tgz",
      "integrity": "sha512-8CPn+SPMrvvDEa6CQylYOd+Vu5ubyrVhWw1Iy9EXyTan7+8jB5R5trspf3jsMUrh3urVRA0YR9c3U84biny1QA==",
      "dev": true,
      "requires": {
        "binaryen": "112.0.0-nightly.20230411",
        "long": "^5.2.1"
      }
    },
    "binaryen": {
      "version": "112.0.0-nightly.20230411",
      "resolved": "https://registry.npmjs.org/binaryen/-/binaryen-112.0.0-nightly.20230411.tgz",
      "integrity": "sha512-4V9r9x9fjAVFZdR2yvBFc3BEJJIBYvd2X8X8k0zAuJsao2gl9wNHDmpQ30QsLo6hgkRfRImkCbCjhXW3RDOYXQ==",
      "dev": true
    },
    "long": {
      "version": "5.2.3",
      "resolved": "https://registry.npmjs.org/long/-/long-5.2.3.tgz",
      "integrity": "sha512-lcHwpNoggQTObv5apGNCTdJrO69eHOZMi4BNC+rTLER8iHAqGrUVeLh/irVIM7zTw2bOXA8T6uNPeujwOLg/2Q==",
      "dev": true
    }
  }
}
